// !$*UTF8*$!
{
	archiveVersion = 1;
	classes = {
	};
	objectVersion = 50;
	objects = {

/* Begin PBXBuildFile section */
		2C20FC6426385BE000ABD5B7 /* UpdateStore.swift in Sources */ = {isa = PBXBuildFile; fileRef = 2C20FC6326385BE000ABD5B7 /* UpdateStore.swift */; };
		2C509CD32631D5680065E81F /* DesignCodeCourseApp.swift in Sources */ = {isa = PBXBuildFile; fileRef = 2C509CD22631D5680065E81F /* DesignCodeCourseApp.swift */; };
		2C509CD52631D5680065E81F /* ContentView.swift in Sources */ = {isa = PBXBuildFile; fileRef = 2C509CD42631D5680065E81F /* ContentView.swift */; };
		2C509CD72631D5690065E81F /* Assets.xcassets in Resources */ = {isa = PBXBuildFile; fileRef = 2C509CD62631D5690065E81F /* Assets.xcassets */; };
		2C509CDA2631D5690065E81F /* Preview Assets.xcassets in Resources */ = {isa = PBXBuildFile; fileRef = 2C509CD92631D5690065E81F /* Preview Assets.xcassets */; };
		2C5C95DE2632DE770078549F /* CardView.swift in Sources */ = {isa = PBXBuildFile; fileRef = 2C5C95DD2632DE770078549F /* CardView.swift */; };
		2C5C95E12632F6FE0078549F /* BottomSheet.swift in Sources */ = {isa = PBXBuildFile; fileRef = 2C5C95E02632F6FE0078549F /* BottomSheet.swift */; };
		2C5C95E4263324B20078549F /* MenuView.swift in Sources */ = {isa = PBXBuildFile; fileRef = 2C5C95E3263324B20078549F /* MenuView.swift */; };
		2C9B98AF263701950039907E /* HomeScreen.swift in Sources */ = {isa = PBXBuildFile; fileRef = 2C9B98AE263701950039907E /* HomeScreen.swift */; };
		2C9B98B326370D4A0039907E /* AvatarView.swift in Sources */ = {isa = PBXBuildFile; fileRef = 2C9B98B226370D4A0039907E /* AvatarView.swift */; };
		2C9B98B726370DD50039907E /* HomeView.swift in Sources */ = {isa = PBXBuildFile; fileRef = 2C9B98B626370DD50039907E /* HomeView.swift */; };
		2C9B98BB263716A40039907E /* SectionView.swift in Sources */ = {isa = PBXBuildFile; fileRef = 2C9B98BA263716A40039907E /* SectionView.swift */; };
		2C9B98C02637188C0039907E /* SectionModel.swift in Sources */ = {isa = PBXBuildFile; fileRef = 2C9B98BF2637188C0039907E /* SectionModel.swift */; };
		2C9B98C6263818480039907E /* UpdateList.swift in Sources */ = {isa = PBXBuildFile; fileRef = 2C9B98C5263818480039907E /* UpdateList.swift */; };
		2C9B98E9263825C30039907E /* UpdateModel.swift in Sources */ = {isa = PBXBuildFile; fileRef = 2C9B98E8263825C30039907E /* UpdateModel.swift */; };
		2C9B990E263829BE0039907E /* UpdateRow.swift in Sources */ = {isa = PBXBuildFile; fileRef = 2C9B990D263829BE0039907E /* UpdateRow.swift */; };
		2C9B991126382D880039907E /* UpdateDetail.swift in Sources */ = {isa = PBXBuildFile; fileRef = 2C9B991026382D880039907E /* UpdateDetail.swift */; };
/* End PBXBuildFile section */

/* Begin PBXFileReference section */
		2C20FC6326385BE000ABD5B7 /* UpdateStore.swift */ = {isa = PBXFileReference; lastKnownFileType = sourcecode.swift; path = UpdateStore.swift; sourceTree = "<group>"; };
		2C509CCF2631D5680065E81F /* DesignCodeCourse.app */ = {isa = PBXFileReference; explicitFileType = wrapper.application; includeInIndex = 0; path = DesignCodeCourse.app; sourceTree = BUILT_PRODUCTS_DIR; };
		2C509CD22631D5680065E81F /* DesignCodeCourseApp.swift */ = {isa = PBXFileReference; lastKnownFileType = sourcecode.swift; path = DesignCodeCourseApp.swift; sourceTree = "<group>"; };
		2C509CD42631D5680065E81F /* ContentView.swift */ = {isa = PBXFileReference; lastKnownFileType = sourcecode.swift; path = ContentView.swift; sourceTree = "<group>"; };
		2C509CD62631D5690065E81F /* Assets.xcassets */ = {isa = PBXFileReference; lastKnownFileType = folder.assetcatalog; path = Assets.xcassets; sourceTree = "<group>"; };
		2C509CD92631D5690065E81F /* Preview Assets.xcassets */ = {isa = PBXFileReference; lastKnownFileType = folder.assetcatalog; path = "Preview Assets.xcassets"; sourceTree = "<group>"; };
		2C509CDB2631D5690065E81F /* Info.plist */ = {isa = PBXFileReference; lastKnownFileType = text.plist.xml; path = Info.plist; sourceTree = "<group>"; };
		2C5C95DD2632DE770078549F /* CardView.swift */ = {isa = PBXFileReference; lastKnownFileType = sourcecode.swift; path = CardView.swift; sourceTree = "<group>"; };
		2C5C95E02632F6FE0078549F /* BottomSheet.swift */ = {isa = PBXFileReference; lastKnownFileType = sourcecode.swift; path = BottomSheet.swift; sourceTree = "<group>"; };
		2C5C95E3263324B20078549F /* MenuView.swift */ = {isa = PBXFileReference; lastKnownFileType = sourcecode.swift; path = MenuView.swift; sourceTree = "<group>"; };
		2C9B98AE263701950039907E /* HomeScreen.swift */ = {isa = PBXFileReference; lastKnownFileType = sourcecode.swift; path = HomeScreen.swift; sourceTree = "<group>"; };
		2C9B98B226370D4A0039907E /* AvatarView.swift */ = {isa = PBXFileReference; lastKnownFileType = sourcecode.swift; path = AvatarView.swift; sourceTree = "<group>"; };
		2C9B98B626370DD50039907E /* HomeView.swift */ = {isa = PBXFileReference; lastKnownFileType = sourcecode.swift; path = HomeView.swift; sourceTree = "<group>"; };
		2C9B98BA263716A40039907E /* SectionView.swift */ = {isa = PBXFileReference; lastKnownFileType = sourcecode.swift; path = SectionView.swift; sourceTree = "<group>"; };
		2C9B98BF2637188C0039907E /* SectionModel.swift */ = {isa = PBXFileReference; lastKnownFileType = sourcecode.swift; path = SectionModel.swift; sourceTree = "<group>"; };
		2C9B98C5263818480039907E /* UpdateList.swift */ = {isa = PBXFileReference; lastKnownFileType = sourcecode.swift; path = UpdateList.swift; sourceTree = "<group>"; };
		2C9B98E8263825C30039907E /* UpdateModel.swift */ = {isa = PBXFileReference; lastKnownFileType = sourcecode.swift; path = UpdateModel.swift; sourceTree = "<group>"; };
		2C9B990D263829BE0039907E /* UpdateRow.swift */ = {isa = PBXFileReference; lastKnownFileType = sourcecode.swift; path = UpdateRow.swift; sourceTree = "<group>"; };
		2C9B991026382D880039907E /* UpdateDetail.swift */ = {isa = PBXFileReference; lastKnownFileType = sourcecode.swift; path = UpdateDetail.swift; sourceTree = "<group>"; };
/* End PBXFileReference section */

/* Begin PBXFrameworksBuildPhase section */
		2C509CCC2631D5680065E81F /* Frameworks */ = {
			isa = PBXFrameworksBuildPhase;
			buildActionMask = 2147483647;
			files = (
			);
			runOnlyForDeploymentPostprocessing = 0;
		};
/* End PBXFrameworksBuildPhase section */

/* Begin PBXGroup section */
		2C20FC6626385C2E00ABD5B7 /* ViewModel */ = {
			isa = PBXGroup;
			children = (
				2C20FC6326385BE000ABD5B7 /* UpdateStore.swift */,
			);
			path = ViewModel;
			sourceTree = "<group>";
		};
		2C509CC62631D5680065E81F = {
			isa = PBXGroup;
			children = (
				2C509CD12631D5680065E81F /* DesignCodeCourse */,
				2C509CD02631D5680065E81F /* Products */,
			);
			sourceTree = "<group>";
		};
		2C509CD02631D5680065E81F /* Products */ = {
			isa = PBXGroup;
			children = (
				2C509CCF2631D5680065E81F /* DesignCodeCourse.app */,
			);
			name = Products;
			sourceTree = "<group>";
		};
		2C509CD12631D5680065E81F /* DesignCodeCourse */ = {
			isa = PBXGroup;
			children = (
				2C9B98BE2637187A0039907E /* Model */,
				2C9B98B9263716940039907E /* Cells */,
				2C9B98AD263701840039907E /* Screens */,
				2C5C95DB2632DE5C0078549F /* Views */,
				2C509CD22631D5680065E81F /* DesignCodeCourseApp.swift */,
				2C509CD62631D5690065E81F /* Assets.xcassets */,
				2C509CDB2631D5690065E81F /* Info.plist */,
				2C509CD82631D5690065E81F /* Preview Content */,
			);
			path = DesignCodeCourse;
			sourceTree = "<group>";
		};
		2C509CD82631D5690065E81F /* Preview Content */ = {
			isa = PBXGroup;
			children = (
				2C509CD92631D5690065E81F /* Preview Assets.xcassets */,
			);
			path = "Preview Content";
			sourceTree = "<group>";
		};
		2C5C95DB2632DE5C0078549F /* Views */ = {
			isa = PBXGroup;
			children = (
				2C5C95DD2632DE770078549F /* CardView.swift */,
				2C5C95E02632F6FE0078549F /* BottomSheet.swift */,
				2C9B98B226370D4A0039907E /* AvatarView.swift */,
				2C9B991026382D880039907E /* UpdateDetail.swift */,
			);
			path = Views;
			sourceTree = "<group>";
		};
		2C9B98AD263701840039907E /* Screens */ = {
			isa = PBXGroup;
			children = (
				2C20FC6626385C2E00ABD5B7 /* ViewModel */,
				2C509CD42631D5680065E81F /* ContentView.swift */,
				2C5C95E3263324B20078549F /* MenuView.swift */,
				2C9B98AE263701950039907E /* HomeScreen.swift */,
				2C9B98B626370DD50039907E /* HomeView.swift */,
				2C9B98C5263818480039907E /* UpdateList.swift */,
			);
			path = Screens;
			sourceTree = "<group>";
		};
		2C9B98B9263716940039907E /* Cells */ = {
			isa = PBXGroup;
			children = (
				2C9B98BA263716A40039907E /* SectionView.swift */,
				2C9B990D263829BE0039907E /* UpdateRow.swift */,
			);
			path = Cells;
			sourceTree = "<group>";
		};
		2C9B98BE2637187A0039907E /* Model */ = {
			isa = PBXGroup;
			children = (
				2C9B98BF2637188C0039907E /* SectionModel.swift */,
				2C9B98E8263825C30039907E /* UpdateModel.swift */,
			);
			path = Model;
			sourceTree = "<group>";
		};
/* End PBXGroup section */

/* Begin PBXNativeTarget section */
		2C509CCE2631D5680065E81F /* DesignCodeCourse */ = {
			isa = PBXNativeTarget;
			buildConfigurationList = 2C509CDE2631D5690065E81F /* Build configuration list for PBXNativeTarget "DesignCodeCourse" */;
			buildPhases = (
				2C509CCB2631D5680065E81F /* Sources */,
				2C509CCC2631D5680065E81F /* Frameworks */,
				2C509CCD2631D5680065E81F /* Resources */,
			);
			buildRules = (
			);
			dependencies = (
			);
			name = DesignCodeCourse;
			productName = DesignCodeCourse;
			productReference = 2C509CCF2631D5680065E81F /* DesignCodeCourse.app */;
			productType = "com.apple.product-type.application";
		};
/* End PBXNativeTarget section */

/* Begin PBXProject section */
		2C509CC72631D5680065E81F /* Project object */ = {
			isa = PBXProject;
			attributes = {
				LastSwiftUpdateCheck = 1240;
				LastUpgradeCheck = 1240;
				TargetAttributes = {
					2C509CCE2631D5680065E81F = {
						CreatedOnToolsVersion = 12.4;
					};
				};
			};
			buildConfigurationList = 2C509CCA2631D5680065E81F /* Build configuration list for PBXProject "DesignCodeCourse" */;
			compatibilityVersion = "Xcode 9.3";
			developmentRegion = en;
			hasScannedForEncodings = 0;
			knownRegions = (
				en,
				Base,
			);
			mainGroup = 2C509CC62631D5680065E81F;
			productRefGroup = 2C509CD02631D5680065E81F /* Products */;
			projectDirPath = "";
			projectRoot = "";
			targets = (
				2C509CCE2631D5680065E81F /* DesignCodeCourse */,
			);
		};
/* End PBXProject section */

/* Begin PBXResourcesBuildPhase section */
		2C509CCD2631D5680065E81F /* Resources */ = {
			isa = PBXResourcesBuildPhase;
			buildActionMask = 2147483647;
			files = (
				2C509CDA2631D5690065E81F /* Preview Assets.xcassets in Resources */,
				2C509CD72631D5690065E81F /* Assets.xcassets in Resources */,
			);
			runOnlyForDeploymentPostprocessing = 0;
		};
/* End PBXResourcesBuildPhase section */

/* Begin PBXSourcesBuildPhase section */
		2C509CCB2631D5680065E81F /* Sources */ = {
			isa = PBXSourcesBuildPhase;
			buildActionMask = 2147483647;
			files = (
				2C5C95E4263324B20078549F /* MenuView.swift in Sources */,
				2C20FC6426385BE000ABD5B7 /* UpdateStore.swift in Sources */,
				2C509CD52631D5680065E81F /* ContentView.swift in Sources */,
				2C9B98BB263716A40039907E /* SectionView.swift in Sources */,
				2C9B98C02637188C0039907E /* SectionModel.swift in Sources */,
				2C9B98E9263825C30039907E /* UpdateModel.swift in Sources */,
				2C9B98B326370D4A0039907E /* AvatarView.swift in Sources */,
				2C9B98C6263818480039907E /* UpdateList.swift in Sources */,
				2C9B991126382D880039907E /* UpdateDetail.swift in Sources */,
				2C5C95DE2632DE770078549F /* CardView.swift in Sources */,
				2C9B98AF263701950039907E /* HomeScreen.swift in Sources */,
				2C9B990E263829BE0039907E /* UpdateRow.swift in Sources */,
				2C9B98B726370DD50039907E /* HomeView.swift in Sources */,
				2C5C95E12632F6FE0078549F /* BottomSheet.swift in Sources */,
				2C509CD32631D5680065E81F /* DesignCodeCourseApp.swift in Sources */,
			);
			runOnlyForDeploymentPostprocessing = 0;
		};
/* End PBXSourcesBuildPhase section */

/* Begin XCBuildConfiguration section */
		2C509CDC2631D5690065E81F /* Debug */ = {
			isa = XCBuildConfiguration;
			buildSettings = {
				ALWAYS_SEARCH_USER_PATHS = NO;
				CLANG_ANALYZER_NONNULL = YES;
				CLANG_ANALYZER_NUMBER_OBJECT_CONVERSION = YES_AGGRESSIVE;
				CLANG_CXX_LANGUAGE_STANDARD = "gnu++14";
				CLANG_CXX_LIBRARY = "libc++";
				CLANG_ENABLE_MODULES = YES;
				CLANG_ENABLE_OBJC_ARC = YES;
				CLANG_ENABLE_OBJC_WEAK = YES;
				CLANG_WARN_BLOCK_CAPTURE_AUTORELEASING = YES;
				CLANG_WARN_BOOL_CONVERSION = YES;
				CLANG_WARN_COMMA = YES;
				CLANG_WARN_CONSTANT_CONVERSION = YES;
				CLANG_WARN_DEPRECATED_OBJC_IMPLEMENTATIONS = YES;
				CLANG_WARN_DIRECT_OBJC_ISA_USAGE = YES_ERROR;
				CLANG_WARN_DOCUMENTATION_COMMENTS = YES;
				CLANG_WARN_EMPTY_BODY = YES;
				CLANG_WARN_ENUM_CONVERSION = YES;
				CLANG_WARN_INFINITE_RECURSION = YES;
				CLANG_WARN_INT_CONVERSION = YES;
				CLANG_WARN_NON_LITERAL_NULL_CONVERSION = YES;
				CLANG_WARN_OBJC_IMPLICIT_RETAIN_SELF = YES;
				CLANG_WARN_OBJC_LITERAL_CONVERSION = YES;
				CLANG_WARN_OBJC_ROOT_CLASS = YES_ERROR;
				CLANG_WARN_QUOTED_INCLUDE_IN_FRAMEWORK_HEADER = YES;
				CLANG_WARN_RANGE_LOOP_ANALYSIS = YES;
				CLANG_WARN_STRICT_PROTOTYPES = YES;
				CLANG_WARN_SUSPICIOUS_MOVE = YES;
				CLANG_WARN_UNGUARDED_AVAILABILITY = YES_AGGRESSIVE;
				CLANG_WARN_UNREACHABLE_CODE = YES;
				CLANG_WARN__DUPLICATE_METHOD_MATCH = YES;
				COPY_PHASE_STRIP = NO;
				DEBUG_INFORMATION_FORMAT = dwarf;
				ENABLE_STRICT_OBJC_MSGSEND = YES;
				ENABLE_TESTABILITY = YES;
				GCC_C_LANGUAGE_STANDARD = gnu11;
				GCC_DYNAMIC_NO_PIC = NO;
				GCC_NO_COMMON_BLOCKS = YES;
				GCC_OPTIMIZATION_LEVEL = 0;
				GCC_PREPROCESSOR_DEFINITIONS = (
					"DEBUG=1",
					"$(inherited)",
				);
				GCC_WARN_64_TO_32_BIT_CONVERSION = YES;
				GCC_WARN_ABOUT_RETURN_TYPE = YES_ERROR;
				GCC_WARN_UNDECLARED_SELECTOR = YES;
				GCC_WARN_UNINITIALIZED_AUTOS = YES_AGGRESSIVE;
				GCC_WARN_UNUSED_FUNCTION = YES;
				GCC_WARN_UNUSED_VARIABLE = YES;
				IPHONEOS_DEPLOYMENT_TARGET = 14.4;
				MTL_ENABLE_DEBUG_INFO = INCLUDE_SOURCE;
				MTL_FAST_MATH = YES;
				ONLY_ACTIVE_ARCH = YES;
				SDKROOT = iphoneos;
				SWIFT_ACTIVE_COMPILATION_CONDITIONS = DEBUG;
				SWIFT_OPTIMIZATION_LEVEL = "-Onone";
			};
			name = Debug;
		};
		2C509CDD2631D5690065E81F /* Release */ = {
			isa = XCBuildConfiguration;
			buildSettings = {
				ALWAYS_SEARCH_USER_PATHS = NO;
				CLANG_ANALYZER_NONNULL = YES;
				CLANG_ANALYZER_NUMBER_OBJECT_CONVERSION = YES_AGGRESSIVE;
				CLANG_CXX_LANGUAGE_STANDARD = "gnu++14";
				CLANG_CXX_LIBRARY = "libc++";
				CLANG_ENABLE_MODULES = YES;
				CLANG_ENABLE_OBJC_ARC = YES;
				CLANG_ENABLE_OBJC_WEAK = YES;
				CLANG_WARN_BLOCK_CAPTURE_AUTORELEASING = YES;
				CLANG_WARN_BOOL_CONVERSION = YES;
				CLANG_WARN_COMMA = YES;
				CLANG_WARN_CONSTANT_CONVERSION = YES;
				CLANG_WARN_DEPRECATED_OBJC_IMPLEMENTATIONS = YES;
				CLANG_WARN_DIRECT_OBJC_ISA_USAGE = YES_ERROR;
				CLANG_WARN_DOCUMENTATION_COMMENTS = YES;
				CLANG_WARN_EMPTY_BODY = YES;
				CLANG_WARN_ENUM_CONVERSION = YES;
				CLANG_WARN_INFINITE_RECURSION = YES;
				CLANG_WARN_INT_CONVERSION = YES;
				CLANG_WARN_NON_LITERAL_NULL_CONVERSION = YES;
				CLANG_WARN_OBJC_IMPLICIT_RETAIN_SELF = YES;
				CLANG_WARN_OBJC_LITERAL_CONVERSION = YES;
				CLANG_WARN_OBJC_ROOT_CLASS = YES_ERROR;
				CLANG_WARN_QUOTED_INCLUDE_IN_FRAMEWORK_HEADER = YES;
				CLANG_WARN_RANGE_LOOP_ANALYSIS = YES;
				CLANG_WARN_STRICT_PROTOTYPES = YES;
				CLANG_WARN_SUSPICIOUS_MOVE = YES;
				CLANG_WARN_UNGUARDED_AVAILABILITY = YES_AGGRESSIVE;
				CLANG_WARN_UNREACHABLE_CODE = YES;
				CLANG_WARN__DUPLICATE_METHOD_MATCH = YES;
				COPY_PHASE_STRIP = NO;
				DEBUG_INFORMATION_FORMAT = "dwarf-with-dsym";
				ENABLE_NS_ASSERTIONS = NO;
				ENABLE_STRICT_OBJC_MSGSEND = YES;
				GCC_C_LANGUAGE_STANDARD = gnu11;
				GCC_NO_COMMON_BLOCKS = YES;
				GCC_WARN_64_TO_32_BIT_CONVERSION = YES;
				GCC_WARN_ABOUT_RETURN_TYPE = YES_ERROR;
				GCC_WARN_UNDECLARED_SELECTOR = YES;
				GCC_WARN_UNINITIALIZED_AUTOS = YES_AGGRESSIVE;
				GCC_WARN_UNUSED_FUNCTION = YES;
				GCC_WARN_UNUSED_VARIABLE = YES;
				IPHONEOS_DEPLOYMENT_TARGET = 14.4;
				MTL_ENABLE_DEBUG_INFO = NO;
				MTL_FAST_MATH = YES;
				SDKROOT = iphoneos;
				SWIFT_COMPILATION_MODE = wholemodule;
				SWIFT_OPTIMIZATION_LEVEL = "-O";
				VALIDATE_PRODUCT = YES;
			};
			name = Release;
		};
		2C509CDF2631D5690065E81F /* Debug */ = {
			isa = XCBuildConfiguration;
			buildSettings = {
				ASSETCATALOG_COMPILER_APPICON_NAME = AppIcon;
				ASSETCATALOG_COMPILER_GLOBAL_ACCENT_COLOR_NAME = AccentColor;
				CODE_SIGN_STYLE = Automatic;
				DEVELOPMENT_ASSET_PATHS = "\"DesignCodeCourse/Preview Content\"";
				DEVELOPMENT_TEAM = PFY5L55ZF2;
				ENABLE_PREVIEWS = YES;
				INFOPLIST_FILE = DesignCodeCourse/Info.plist;
				IPHONEOS_DEPLOYMENT_TARGET = 14.0;
				LD_RUNPATH_SEARCH_PATHS = (
					"$(inherited)",
					"@executable_path/Frameworks",
				);
				PRODUCT_BUNDLE_IDENTIFIER = da.com.DesignCodeCourse;
				PRODUCT_NAME = "$(TARGET_NAME)";
				SWIFT_VERSION = 5.0;
				TARGETED_DEVICE_FAMILY = "1,2";
			};
			name = Debug;
		};
		2C509CE02631D5690065E81F /* Release */ = {
			isa = XCBuildConfiguration;
			buildSettings = {
				ASSETCATALOG_COMPILER_APPICON_NAME = AppIcon;
				ASSETCATALOG_COMPILER_GLOBAL_ACCENT_COLOR_NAME = AccentColor;
				CODE_SIGN_STYLE = Automatic;
				DEVELOPMENT_ASSET_PATHS = "\"DesignCodeCourse/Preview Content\"";
				DEVELOPMENT_TEAM = PFY5L55ZF2;
				ENABLE_PREVIEWS = YES;
				INFOPLIST_FILE = DesignCodeCourse/Info.plist;
				IPHONEOS_DEPLOYMENT_TARGET = 14.0;
				LD_RUNPATH_SEARCH_PATHS = (
					"$(inherited)",
					"@executable_path/Frameworks",
				);
				PRODUCT_BUNDLE_IDENTIFIER = da.com.DesignCodeCourse;
				PRODUCT_NAME = "$(TARGET_NAME)";
				SWIFT_VERSION = 5.0;
				TARGETED_DEVICE_FAMILY = "1,2";
			};
			name = Release;
		};
/* End XCBuildConfiguration section */

/* Begin XCConfigurationList section */
		2C509CCA2631D5680065E81F /* Build configuration list for PBXProject "DesignCodeCourse" */ = {
			isa = XCConfigurationList;
			buildConfigurations = (
				2C509CDC2631D5690065E81F /* Debug */,
				2C509CDD2631D5690065E81F /* Release */,
			);
			defaultConfigurationIsVisible = 0;
			defaultConfigurationName = Release;
		};
		2C509CDE2631D5690065E81F /* Build configuration list for PBXNativeTarget "DesignCodeCourse" */ = {
			isa = XCConfigurationList;
			buildConfigurations = (
				2C509CDF2631D5690065E81F /* Debug */,
				2C509CE02631D5690065E81F /* Release */,
			);
			defaultConfigurationIsVisible = 0;
			defaultConfigurationName = Release;
		};
/* End XCConfigurationList section */
	};
	rootObject = 2C509CC72631D5680065E81F /* Project object */;
}
